// !$*UTF8*$!
{
	archiveVersion = 1;
	classes = {
	};
	objectVersion = 50;
	objects = {

/* Begin PBXBuildFile section */
		DC003E7322F618E800B3603D /* WijzigTransactieSB.storyboard in Resources */ = {isa = PBXBuildFile; fileRef = DC003E7122F618E800B3603D /* WijzigTransactieSB.storyboard */; };
		DC0D5AFC2278400E004A195D /* MaakTransactieViewController.swift in Sources */ = {isa = PBXBuildFile; fileRef = DC0D5AFB2278400E004A195D /* MaakTransactieViewController.swift */; };
		DC0D5AFE22785A90004A195D /* TransactieIC.swift in Sources */ = {isa = PBXBuildFile; fileRef = DC0D5AFD22785A90004A195D /* TransactieIC.swift */; };
		DC0D5B0022785F09004A195D /* EditCategorienViewController.swift in Sources */ = {isa = PBXBuildFile; fileRef = DC0D5AFF22785F09004A195D /* EditCategorienViewController.swift */; };
		DC0D5B02227B8E14004A195D /* EditTableViewCell.swift in Sources */ = {isa = PBXBuildFile; fileRef = DC0D5B01227B8E14004A195D /* EditTableViewCell.swift */; };
		DC2746B3227EED5300C82B24 /* ColorPicker.swift in Sources */ = {isa = PBXBuildFile; fileRef = DC2746B2227EED5300C82B24 /* ColorPicker.swift */; };
		DC2746B5227EEE4500C82B24 /* WijzigCategorieViewController.swift in Sources */ = {isa = PBXBuildFile; fileRef = DC2746B4227EEE4500C82B24 /* WijzigCategorieViewController.swift */; };
		DC478A1B227C66DD0048DB0A /* UIColor+Extension.swift in Sources */ = {isa = PBXBuildFile; fileRef = DC478A1A227C66DD0048DB0A /* UIColor+Extension.swift */; };
		DC5AA490227633B0000364F3 /* TransactionTableViewCell.swift in Sources */ = {isa = PBXBuildFile; fileRef = DC5AA48F227633B0000364F3 /* TransactionTableViewCell.swift */; };
		DC5AA49422763517000364F3 /* Categorie.swift in Sources */ = {isa = PBXBuildFile; fileRef = DC5AA49322763517000364F3 /* Categorie.swift */; };
		DC5AA49A22763B4E000364F3 /* Double+Extension.swift in Sources */ = {isa = PBXBuildFile; fileRef = DC5AA49922763B4E000364F3 /* Double+Extension.swift */; };
		DC9BCD4822F476B900FE0406 /* LoginView.swift in Sources */ = {isa = PBXBuildFile; fileRef = DC9BCD4722F476B900FE0406 /* LoginView.swift */; };
		DC9BCD4B22F4775300FE0406 /* DebitCredit.xcdatamodeld in Sources */ = {isa = PBXBuildFile; fileRef = DC9BCD4922F4775300FE0406 /* DebitCredit.xcdatamodeld */; };
		DC9BCD4D22F477B200FE0406 /* CoreDataManager.swift in Sources */ = {isa = PBXBuildFile; fileRef = DC9BCD4C22F477B200FE0406 /* CoreDataManager.swift */; };
		DCC4C59E225F7C6F000E9E77 /* AppDelegate.swift in Sources */ = {isa = PBXBuildFile; fileRef = DCC4C59D225F7C6F000E9E77 /* AppDelegate.swift */; };
		DCC4C5A0225F7C6F000E9E77 /* ViewController.swift in Sources */ = {isa = PBXBuildFile; fileRef = DCC4C59F225F7C6F000E9E77 /* ViewController.swift */; };
		DCC4C5A3225F7C6F000E9E77 /* Main.storyboard in Resources */ = {isa = PBXBuildFile; fileRef = DCC4C5A1225F7C6F000E9E77 /* Main.storyboard */; };
		DCC4C5A8225F7C71000E9E77 /* Assets.xcassets in Resources */ = {isa = PBXBuildFile; fileRef = DCC4C5A7225F7C71000E9E77 /* Assets.xcassets */; };
		DCC4C5AB225F7C71000E9E77 /* LaunchScreen.storyboard in Resources */ = {isa = PBXBuildFile; fileRef = DCC4C5A9225F7C71000E9E77 /* LaunchScreen.storyboard */; };
/* End PBXBuildFile section */

/* Begin PBXFileReference section */
		DC003E7222F618E800B3603D /* Base */ = {isa = PBXFileReference; lastKnownFileType = file.storyboard; name = Base; path = DebitCredit/Base.lproj/WijzigTransactieSB.storyboard; sourceTree = "<group>"; };
		DC0D5AFB2278400E004A195D /* MaakTransactieViewController.swift */ = {isa = PBXFileReference; lastKnownFileType = sourcecode.swift; path = MaakTransactieViewController.swift; sourceTree = "<group>"; };
		DC0D5AFD22785A90004A195D /* TransactieIC.swift */ = {isa = PBXFileReference; lastKnownFileType = sourcecode.swift; path = TransactieIC.swift; sourceTree = "<group>"; };
		DC0D5AFF22785F09004A195D /* EditCategorienViewController.swift */ = {isa = PBXFileReference; lastKnownFileType = sourcecode.swift; path = EditCategorienViewController.swift; sourceTree = "<group>"; };
		DC0D5B01227B8E14004A195D /* EditTableViewCell.swift */ = {isa = PBXFileReference; lastKnownFileType = sourcecode.swift; path = EditTableViewCell.swift; sourceTree = "<group>"; };
		DC2746B2227EED5300C82B24 /* ColorPicker.swift */ = {isa = PBXFileReference; lastKnownFileType = sourcecode.swift; path = ColorPicker.swift; sourceTree = "<group>"; };
		DC2746B4227EEE4500C82B24 /* WijzigCategorieViewController.swift */ = {isa = PBXFileReference; lastKnownFileType = sourcecode.swift; path = WijzigCategorieViewController.swift; sourceTree = "<group>"; };
		DC478A1A227C66DD0048DB0A /* UIColor+Extension.swift */ = {isa = PBXFileReference; lastKnownFileType = sourcecode.swift; path = "UIColor+Extension.swift"; sourceTree = "<group>"; };
		DC5AA48F227633B0000364F3 /* TransactionTableViewCell.swift */ = {isa = PBXFileReference; lastKnownFileType = sourcecode.swift; path = TransactionTableViewCell.swift; sourceTree = "<group>"; };
		DC5AA49322763517000364F3 /* Categorie.swift */ = {isa = PBXFileReference; lastKnownFileType = sourcecode.swift; path = Categorie.swift; sourceTree = "<group>"; };
		DC5AA49922763B4E000364F3 /* Double+Extension.swift */ = {isa = PBXFileReference; lastKnownFileType = sourcecode.swift; path = "Double+Extension.swift"; sourceTree = "<group>"; };
		DC9BCD4722F476B900FE0406 /* LoginView.swift */ = {isa = PBXFileReference; lastKnownFileType = sourcecode.swift; name = LoginView.swift; path = ../../../../../../../System/Volumes/Data/Users/thompheijffer/Desktop/PWS/DebitCredit/DebitCredit/Controller/LoginView.swift; sourceTree = "<group>"; };
		DC9BCD4A22F4775300FE0406 /* DebitCredit.xcdatamodel */ = {isa = PBXFileReference; lastKnownFileType = wrapper.xcdatamodel; path = DebitCredit.xcdatamodel; sourceTree = "<group>"; };
		DC9BCD4C22F477B200FE0406 /* CoreDataManager.swift */ = {isa = PBXFileReference; lastKnownFileType = sourcecode.swift; name = CoreDataManager.swift; path = ../../../../../../../System/Volumes/Data/Users/thompheijffer/Desktop/PWS/DebitCredit/DebitCredit/Manager/CoreDataManager.swift; sourceTree = "<group>"; };
		DCC4C59A225F7C6F000E9E77 /* DebitCredit.app */ = {isa = PBXFileReference; explicitFileType = wrapper.application; includeInIndex = 0; path = DebitCredit.app; sourceTree = BUILT_PRODUCTS_DIR; };
		DCC4C59D225F7C6F000E9E77 /* AppDelegate.swift */ = {isa = PBXFileReference; lastKnownFileType = sourcecode.swift; path = AppDelegate.swift; sourceTree = "<group>"; };
		DCC4C59F225F7C6F000E9E77 /* ViewController.swift */ = {isa = PBXFileReference; lastKnownFileType = sourcecode.swift; path = ViewController.swift; sourceTree = "<group>"; };
		DCC4C5A2225F7C6F000E9E77 /* Base */ = {isa = PBXFileReference; lastKnownFileType = file.storyboard; name = Base; path = Base.lproj/Main.storyboard; sourceTree = "<group>"; };
		DCC4C5A7225F7C71000E9E77 /* Assets.xcassets */ = {isa = PBXFileReference; lastKnownFileType = folder.assetcatalog; path = Assets.xcassets; sourceTree = "<group>"; };
		DCC4C5AA225F7C71000E9E77 /* Base */ = {isa = PBXFileReference; lastKnownFileType = file.storyboard; name = Base; path = Base.lproj/LaunchScreen.storyboard; sourceTree = "<group>"; };
		DCC4C5AC225F7C71000E9E77 /* Info.plist */ = {isa = PBXFileReference; lastKnownFileType = text.plist.xml; path = Info.plist; sourceTree = "<group>"; };
/* End PBXFileReference section */

/* Begin PBXFrameworksBuildPhase section */
		DCC4C597225F7C6F000E9E77 /* Frameworks */ = {
			isa = PBXFrameworksBuildPhase;
			buildActionMask = 2147483647;
			files = (
			);
			runOnlyForDeploymentPostprocessing = 0;
		};
/* End PBXFrameworksBuildPhase section */

/* Begin PBXGroup section */
		DC5AA49522763529000364F3 /* Model */ = {
			isa = PBXGroup;
			children = (
				DC5AA49322763517000364F3 /* Categorie.swift */,
				DC0D5AFD22785A90004A195D /* TransactieIC.swift */,
			);
			path = Model;
			sourceTree = "<group>";
		};
		DC5AA4962276356E000364F3 /* Views */ = {
			isa = PBXGroup;
			children = (
				DC5AA48F227633B0000364F3 /* TransactionTableViewCell.swift */,
				DC0D5B01227B8E14004A195D /* EditTableViewCell.swift */,
				DC2746B2227EED5300C82B24 /* ColorPicker.swift */,
			);
			path = Views;
			sourceTree = "<group>";
		};
		DC5AA49722763580000364F3 /* Controller */ = {
			isa = PBXGroup;
			children = (
				DCC4C59F225F7C6F000E9E77 /* ViewController.swift */,
				DC9BCD4722F476B900FE0406 /* LoginView.swift */,
				DC0D5AFB2278400E004A195D /* MaakTransactieViewController.swift */,
				DC0D5AFF22785F09004A195D /* EditCategorienViewController.swift */,
				DC2746B4227EEE4500C82B24 /* WijzigCategorieViewController.swift */,
			);
			path = Controller;
			sourceTree = "<group>";
		};
		DC5AA49822763B3D000364F3 /* Extensions */ = {
			isa = PBXGroup;
			children = (
				DC5AA49922763B4E000364F3 /* Double+Extension.swift */,
				DC478A1A227C66DD0048DB0A /* UIColor+Extension.swift */,
			);
			path = Extensions;
			sourceTree = "<group>";
		};
		DC9BCD4422F3355200FE0406 /* Manager */ = {
			isa = PBXGroup;
			children = (
				DC9BCD4C22F477B200FE0406 /* CoreDataManager.swift */,
			);
			path = Manager;
			sourceTree = "<group>";
		};
		DCC4C591225F7C6F000E9E77 = {
			isa = PBXGroup;
			children = (
				DCC4C59C225F7C6F000E9E77 /* DebitCredit */,
				DCC4C59B225F7C6F000E9E77 /* Products */,
			);
			sourceTree = "<group>";
		};
		DCC4C59B225F7C6F000E9E77 /* Products */ = {
			isa = PBXGroup;
			children = (
				DCC4C59A225F7C6F000E9E77 /* DebitCredit.app */,
			);
			name = Products;
			sourceTree = "<group>";
		};
		DCC4C59C225F7C6F000E9E77 /* DebitCredit */ = {
			isa = PBXGroup;
			children = (
				DCC4C59D225F7C6F000E9E77 /* AppDelegate.swift */,
				DC5AA49722763580000364F3 /* Controller */,
				DC5AA4962276356E000364F3 /* Views */,
				DC5AA49522763529000364F3 /* Model */,
				DC9BCD4422F3355200FE0406 /* Manager */,
				DC5AA49822763B3D000364F3 /* Extensions */,
				DCC4C5A1225F7C6F000E9E77 /* Main.storyboard */,
				DC003E7122F618E800B3603D /* WijzigTransactieSB.storyboard */,
				DCC4C5A7225F7C71000E9E77 /* Assets.xcassets */,
				DCC4C5A9225F7C71000E9E77 /* LaunchScreen.storyboard */,
				DCC4C5AC225F7C71000E9E77 /* Info.plist */,
				DC9BCD4922F4775300FE0406 /* DebitCredit.xcdatamodeld */,
			);
			path = DebitCredit;
			sourceTree = "<group>";
		};
/* End PBXGroup section */

/* Begin PBXNativeTarget section */
		DCC4C599225F7C6F000E9E77 /* DebitCredit */ = {
			isa = PBXNativeTarget;
			buildConfigurationList = DCC4C5AF225F7C71000E9E77 /* Build configuration list for PBXNativeTarget "DebitCredit" */;
			buildPhases = (
				DCC4C596225F7C6F000E9E77 /* Sources */,
				DCC4C597225F7C6F000E9E77 /* Frameworks */,
				DCC4C598225F7C6F000E9E77 /* Resources */,
			);
			buildRules = (
			);
			dependencies = (
			);
			name = DebitCredit;
			productName = DebitCredit;
			productReference = DCC4C59A225F7C6F000E9E77 /* DebitCredit.app */;
			productType = "com.apple.product-type.application";
		};
/* End PBXNativeTarget section */

/* Begin PBXProject section */
		DCC4C592225F7C6F000E9E77 /* Project object */ = {
			isa = PBXProject;
			attributes = {
				LastSwiftUpdateCheck = 1010;
				LastUpgradeCheck = 1010;
				ORGANIZATIONNAME = "Thom Pheijffer";
				TargetAttributes = {
					DCC4C599225F7C6F000E9E77 = {
						CreatedOnToolsVersion = 10.1;
						LastSwiftMigration = 1020;
					};
				};
			};
			buildConfigurationList = DCC4C595225F7C6F000E9E77 /* Build configuration list for PBXProject "DebitCredit" */;
			compatibilityVersion = "Xcode 9.3";
			developmentRegion = en;
			hasScannedForEncodings = 0;
			knownRegions = (
				en,
				Base,
			);
			mainGroup = DCC4C591225F7C6F000E9E77;
			productRefGroup = DCC4C59B225F7C6F000E9E77 /* Products */;
			projectDirPath = "";
			projectRoot = "";
			targets = (
				DCC4C599225F7C6F000E9E77 /* DebitCredit */,
			);
		};
/* End PBXProject section */

/* Begin PBXResourcesBuildPhase section */
		DCC4C598225F7C6F000E9E77 /* Resources */ = {
			isa = PBXResourcesBuildPhase;
			buildActionMask = 2147483647;
			files = (
				DCC4C5AB225F7C71000E9E77 /* LaunchScreen.storyboard in Resources */,
				DCC4C5A8225F7C71000E9E77 /* Assets.xcassets in Resources */,
				DCC4C5A3225F7C6F000E9E77 /* Main.storyboard in Resources */,
				DC003E7322F618E800B3603D /* WijzigTransactieSB.storyboard in Resources */,
			);
			runOnlyForDeploymentPostprocessing = 0;
		};
/* End PBXResourcesBuildPhase section */

/* Begin PBXSourcesBuildPhase section */
		DCC4C596225F7C6F000E9E77 /* Sources */ = {
			isa = PBXSourcesBuildPhase;
			buildActionMask = 2147483647;
			files = (
				DC0D5AFE22785A90004A195D /* TransactieIC.swift in Sources */,
				DC0D5B0022785F09004A195D /* EditCategorienViewController.swift in Sources */,
				DCC4C5A0225F7C6F000E9E77 /* ViewController.swift in Sources */,
				DC9BCD4D22F477B200FE0406 /* CoreDataManager.swift in Sources */,
				DC9BCD4822F476B900FE0406 /* LoginView.swift in Sources */,
				DC2746B5227EEE4500C82B24 /* WijzigCategorieViewController.swift in Sources */,
				DC478A1B227C66DD0048DB0A /* UIColor+Extension.swift in Sources */,
				DC2746B3227EED5300C82B24 /* ColorPicker.swift in Sources */,
				DC5AA49A22763B4E000364F3 /* Double+Extension.swift in Sources */,
				DC5AA490227633B0000364F3 /* TransactionTableViewCell.swift in Sources */,
				DC0D5AFC2278400E004A195D /* MaakTransactieViewController.swift in Sources */,
				DC9BCD4B22F4775300FE0406 /* DebitCredit.xcdatamodeld in Sources */,
				DC5AA49422763517000364F3 /* Categorie.swift in Sources */,
				DCC4C59E225F7C6F000E9E77 /* AppDelegate.swift in Sources */,
				DC0D5B02227B8E14004A195D /* EditTableViewCell.swift in Sources */,
			);
			runOnlyForDeploymentPostprocessing = 0;
		};
/* End PBXSourcesBuildPhase section */

/* Begin PBXVariantGroup section */
		DC003E7122F618E800B3603D /* WijzigTransactieSB.storyboard */ = {
			isa = PBXVariantGroup;
			children = (
				DC003E7222F618E800B3603D /* Base */,
			);
			name = WijzigTransactieSB.storyboard;
			sourceTree = "<group>";
		};
		DCC4C5A1225F7C6F000E9E77 /* Main.storyboard */ = {
			isa = PBXVariantGroup;
			children = (
				DCC4C5A2225F7C6F000E9E77 /* Base */,
			);
			name = Main.storyboard;
			sourceTree = "<group>";
		};
		DCC4C5A9225F7C71000E9E77 /* LaunchScreen.storyboard */ = {
			isa = PBXVariantGroup;
			children = (
				DCC4C5AA225F7C71000E9E77 /* Base */,
			);
			name = LaunchScreen.storyboard;
			sourceTree = "<group>";
		};
/* End PBXVariantGroup section */

/* Begin XCBuildConfiguration section */
		DCC4C5AD225F7C71000E9E77 /* Debug */ = {
			isa = XCBuildConfiguration;
			buildSettings = {
				ALWAYS_SEARCH_USER_PATHS = NO;
				CLANG_ANALYZER_NONNULL = YES;
				CLANG_ANALYZER_NUMBER_OBJECT_CONVERSION = YES_AGGRESSIVE;
				CLANG_CXX_LANGUAGE_STANDARD = "gnu++14";
				CLANG_CXX_LIBRARY = "libc++";
				CLANG_ENABLE_MODULES = YES;
				CLANG_ENABLE_OBJC_ARC = YES;
				CLANG_ENABLE_OBJC_WEAK = YES;
				CLANG_WARN_BLOCK_CAPTURE_AUTORELEASING = YES;
				CLANG_WARN_BOOL_CONVERSION = YES;
				CLANG_WARN_COMMA = YES;
				CLANG_WARN_CONSTANT_CONVERSION = YES;
				CLANG_WARN_DEPRECATED_OBJC_IMPLEMENTATIONS = YES;
				CLANG_WARN_DIRECT_OBJC_ISA_USAGE = YES_ERROR;
				CLANG_WARN_DOCUMENTATION_COMMENTS = YES;
				CLANG_WARN_EMPTY_BODY = YES;
				CLANG_WARN_ENUM_CONVERSION = YES;
				CLANG_WARN_INFINITE_RECURSION = YES;
				CLANG_WARN_INT_CONVERSION = YES;
				CLANG_WARN_NON_LITERAL_NULL_CONVERSION = YES;
				CLANG_WARN_OBJC_IMPLICIT_RETAIN_SELF = YES;
				CLANG_WARN_OBJC_LITERAL_CONVERSION = YES;
				CLANG_WARN_OBJC_ROOT_CLASS = YES_ERROR;
				CLANG_WARN_RANGE_LOOP_ANALYSIS = YES;
				CLANG_WARN_STRICT_PROTOTYPES = YES;
				CLANG_WARN_SUSPICIOUS_MOVE = YES;
				CLANG_WARN_UNGUARDED_AVAILABILITY = YES_AGGRESSIVE;
				CLANG_WARN_UNREACHABLE_CODE = YES;
				CLANG_WARN__DUPLICATE_METHOD_MATCH = YES;
				CODE_SIGN_IDENTITY = "iPhone Developer";
				COPY_PHASE_STRIP = NO;
				DEBUG_INFORMATION_FORMAT = dwarf;
				ENABLE_STRICT_OBJC_MSGSEND = YES;
				ENABLE_TESTABILITY = YES;
				GCC_C_LANGUAGE_STANDARD = gnu11;
				GCC_DYNAMIC_NO_PIC = NO;
				GCC_NO_COMMON_BLOCKS = YES;
				GCC_OPTIMIZATION_LEVEL = 0;
				GCC_PREPROCESSOR_DEFINITIONS = (
					"DEBUG=1",
					"$(inherited)",
				);
				GCC_WARN_64_TO_32_BIT_CONVERSION = YES;
				GCC_WARN_ABOUT_RETURN_TYPE = YES_ERROR;
				GCC_WARN_UNDECLARED_SELECTOR = YES;
				GCC_WARN_UNINITIALIZED_AUTOS = YES_AGGRESSIVE;
				GCC_WARN_UNUSED_FUNCTION = YES;
				GCC_WARN_UNUSED_VARIABLE = YES;
				IPHONEOS_DEPLOYMENT_TARGET = 12.1;
				MTL_ENABLE_DEBUG_INFO = INCLUDE_SOURCE;
				MTL_FAST_MATH = YES;
				ONLY_ACTIVE_ARCH = YES;
				SDKROOT = iphoneos;
				SWIFT_ACTIVE_COMPILATION_CONDITIONS = DEBUG;
				SWIFT_OPTIMIZATION_LEVEL = "-Onone";
			};
			name = Debug;
		};
		DCC4C5AE225F7C71000E9E77 /* Release */ = {
			isa = XCBuildConfiguration;
			buildSettings = {
				ALWAYS_SEARCH_USER_PATHS = NO;
				CLANG_ANALYZER_NONNULL = YES;
				CLANG_ANALYZER_NUMBER_OBJECT_CONVERSION = YES_AGGRESSIVE;
				CLANG_CXX_LANGUAGE_STANDARD = "gnu++14";
				CLANG_CXX_LIBRARY = "libc++";
				CLANG_ENABLE_MODULES = YES;
				CLANG_ENABLE_OBJC_ARC = YES;
				CLANG_ENABLE_OBJC_WEAK = YES;
				CLANG_WARN_BLOCK_CAPTURE_AUTORELEASING = YES;
				CLANG_WARN_BOOL_CONVERSION = YES;
				CLANG_WARN_COMMA = YES;
				CLANG_WARN_CONSTANT_CONVERSION = YES;
				CLANG_WARN_DEPRECATED_OBJC_IMPLEMENTATIONS = YES;
				CLANG_WARN_DIRECT_OBJC_ISA_USAGE = YES_ERROR;
				CLANG_WARN_DOCUMENTATION_COMMENTS = YES;
				CLANG_WARN_EMPTY_BODY = YES;
				CLANG_WARN_ENUM_CONVERSION = YES;
				CLANG_WARN_INFINITE_RECURSION = YES;
				CLANG_WARN_INT_CONVERSION = YES;
				CLANG_WARN_NON_LITERAL_NULL_CONVERSION = YES;
				CLANG_WARN_OBJC_IMPLICIT_RETAIN_SELF = YES;
				CLANG_WARN_OBJC_LITERAL_CONVERSION = YES;
				CLANG_WARN_OBJC_ROOT_CLASS = YES_ERROR;
				CLANG_WARN_RANGE_LOOP_ANALYSIS = YES;
				CLANG_WARN_STRICT_PROTOTYPES = YES;
				CLANG_WARN_SUSPICIOUS_MOVE = YES;
				CLANG_WARN_UNGUARDED_AVAILABILITY = YES_AGGRESSIVE;
				CLANG_WARN_UNREACHABLE_CODE = YES;
				CLANG_WARN__DUPLICATE_METHOD_MATCH = YES;
				CODE_SIGN_IDENTITY = "iPhone Developer";
				COPY_PHASE_STRIP = NO;
				DEBUG_INFORMATION_FORMAT = "dwarf-with-dsym";
				ENABLE_NS_ASSERTIONS = NO;
				ENABLE_STRICT_OBJC_MSGSEND = YES;
				GCC_C_LANGUAGE_STANDARD = gnu11;
				GCC_NO_COMMON_BLOCKS = YES;
				GCC_WARN_64_TO_32_BIT_CONVERSION = YES;
				GCC_WARN_ABOUT_RETURN_TYPE = YES_ERROR;
				GCC_WARN_UNDECLARED_SELECTOR = YES;
				GCC_WARN_UNINITIALIZED_AUTOS = YES_AGGRESSIVE;
				GCC_WARN_UNUSED_FUNCTION = YES;
				GCC_WARN_UNUSED_VARIABLE = YES;
				IPHONEOS_DEPLOYMENT_TARGET = 12.1;
				MTL_ENABLE_DEBUG_INFO = NO;
				MTL_FAST_MATH = YES;
				SDKROOT = iphoneos;
				SWIFT_COMPILATION_MODE = wholemodule;
				SWIFT_OPTIMIZATION_LEVEL = "-O";
				VALIDATE_PRODUCT = YES;
			};
			name = Release;
		};
		DCC4C5B0225F7C71000E9E77 /* Debug */ = {
			isa = XCBuildConfiguration;
			buildSettings = {
				ASSETCATALOG_COMPILER_APPICON_NAME = AppIcon;
				CODE_SIGN_STYLE = Automatic;
				DEVELOPMENT_TEAM = 2BRLV2FEPT;
				INFOPLIST_FILE = DebitCredit/Info.plist;
				IPHONEOS_DEPLOYMENT_TARGET = 13.0;
				LD_RUNPATH_SEARCH_PATHS = (
					"$(inherited)",
					"@executable_path/Frameworks",
				);
				PRODUCT_BUNDLE_IDENTIFIER = thompheijffer.DebitCredit;
				PRODUCT_NAME = "$(TARGET_NAME)";
				SWIFT_VERSION = 5.0;
				TARGETED_DEVICE_FAMILY = "1,2";
			};
			name = Debug;
		};
		DCC4C5B1225F7C71000E9E77 /* Release */ = {
			isa = XCBuildConfiguration;
			buildSettings = {
				ASSETCATALOG_COMPILER_APPICON_NAME = AppIcon;
				CODE_SIGN_STYLE = Automatic;
				DEVELOPMENT_TEAM = 2BRLV2FEPT;
				INFOPLIST_FILE = DebitCredit/Info.plist;
				IPHONEOS_DEPLOYMENT_TARGET = 13.0;
				LD_RUNPATH_SEARCH_PATHS = (
					"$(inherited)",
					"@executable_path/Frameworks",
				);
				PRODUCT_BUNDLE_IDENTIFIER = thompheijffer.DebitCredit;
				PRODUCT_NAME = "$(TARGET_NAME)";
				SWIFT_VERSION = 5.0;
				TARGETED_DEVICE_FAMILY = "1,2";
			};
			name = Release;
		};
/* End XCBuildConfiguration section */

/* Begin XCConfigurationList section */
		DCC4C595225F7C6F000E9E77 /* Build configuration list for PBXProject "DebitCredit" */ = {
			isa = XCConfigurationList;
			buildConfigurations = (
				DCC4C5AD225F7C71000E9E77 /* Debug */,
				DCC4C5AE225F7C71000E9E77 /* Release */,
			);
			defaultConfigurationIsVisible = 0;
			defaultConfigurationName = Release;
		};
		DCC4C5AF225F7C71000E9E77 /* Build configuration list for PBXNativeTarget "DebitCredit" */ = {
			isa = XCConfigurationList;
			buildConfigurations = (
				DCC4C5B0225F7C71000E9E77 /* Debug */,
				DCC4C5B1225F7C71000E9E77 /* Release */,
			);
			defaultConfigurationIsVisible = 0;
			defaultConfigurationName = Release;
		};
/* End XCConfigurationList section */

/* Begin XCVersionGroup section */
		DC9BCD4922F4775300FE0406 /* DebitCredit.xcdatamodeld */ = {
			isa = XCVersionGroup;
			children = (
				DC9BCD4A22F4775300FE0406 /* DebitCredit.xcdatamodel */,
			);
			currentVersion = DC9BCD4A22F4775300FE0406 /* DebitCredit.xcdatamodel */;
			name = DebitCredit.xcdatamodeld;
			path = /System/Volumes/Data/Users/thompheijffer/Desktop/PWS/DebitCredit/DebitCredit/DebitCredit.xcdatamodeld;
			sourceTree = "<absolute>";
			versionGroupType = wrapper.xcdatamodel;
		};
/* End XCVersionGroup section */
	};
	rootObject = DCC4C592225F7C6F000E9E77 /* Project object */;
}
